
Microsoft Visual Studio Solution File, Format Version 12.00
# Visual Studio Version 17
VisualStudioVersion = 17.14.36221.1 d17.14
MinimumVisualStudioVersion = 10.0.40219.1
Project("{FAE04EC0-301F-11D3-BF4B-00C04F79EFBC}") = "PRN232.LMS.API", "PRN232.LMS.API\PRN232.LMS.API.csproj", "{6CE8E34B-F3E7-4538-B5B3-368FC7B71F49}"
EndProject
Project("{FAE04EC0-301F-11D3-BF4B-00C04F79EFBC}") = "PRN232.LMS.Repositories", "PRN232.LMS.Repositories\PRN232.LMS.Repositories.csproj", "{AF48C5EB-50A0-4702-B310-F9E4127DDEDA}"
EndProject
Project("{FAE04EC0-301F-11D3-BF4B-00C04F79EFBC}") = "PRN232.LMS.Services", "PRN232.LMS.Services\PRN232.LMS.Services.csproj", "{5757F54E-5279-4804-8451-0C26392D4AC1}"
EndProject
Global
	GlobalSection(SolutionConfigurationPlatforms) = preSolution
		Debug|Any CPU = Debug|Any CPU
		Release|Any CPU = Release|Any CPU
	EndGlobalSection
	GlobalSection(ProjectConfigurationPlatforms) = postSolution
		{6CE8E34B-F3E7-4538-B5B3-368FC7B71F49}.Debug|Any CPU.ActiveCfg = Debug|Any CPU
		{6CE8E34B-F3E7-4538-B5B3-368FC7B71F49}.Debug|Any CPU.Build.0 = Debug|Any CPU
		{6CE8E34B-F3E7-4538-B5B3-368FC7B71F49}.Release|Any CPU.ActiveCfg = Release|Any CPU
		{6CE8E34B-F3E7-4538-B5B3-368FC7B71F49}.Release|Any CPU.Build.0 = Release|Any CPU
		{AF48C5EB-50A0-4702-B310-F9E4127DDEDA}.Debug|Any CPU.ActiveCfg = Debug|Any CPU
		{AF48C5EB-50A0-4702-B310-F9E4127DDEDA}.Debug|Any CPU.Build.0 = Debug|Any CPU
		{AF48C5EB-50A0-4702-B310-F9E4127DDEDA}.Release|Any CPU.ActiveCfg = Release|Any CPU
		{AF48C5EB-50A0-4702-B310-F9E4127DDEDA}.Release|Any CPU.Build.0 = Release|Any CPU
		{5757F54E-5279-4804-8451-0C26392D4AC1}.Debug|Any CPU.ActiveCfg = Debug|Any CPU
		{5757F54E-5279-4804-8451-0C26392D4AC1}.Debug|Any CPU.Build.0 = Debug|Any CPU
		{5757F54E-5279-4804-8451-0C26392D4AC1}.Release|Any CPU.ActiveCfg = Release|Any CPU
		{5757F54E-5279-4804-8451-0C26392D4AC1}.Release|Any CPU.Build.0 = Release|Any CPU
	EndGlobalSection
	GlobalSection(SolutionProperties) = preSolution
		HideSolutionNode = FALSE
	EndGlobalSection
	GlobalSection(ExtensibilityGlobals) = postSolution
		SolutionGuid = {39A2BA24-7102-4AD5-93E1-C1130EAAEC6A}
	EndGlobalSection
EndGlobal
